
Microsoft Visual Studio Solution File, Format Version 11.00
# Visual Studio 2010
Project("{8BC9CEB8-8B4A-11D0-8D11-00A0C91BC942}") = "Velleman_K8056", "Velleman_K8056.vcxproj", "{DDD3EEED-2DAF-46AC-81C0-B6F3E20E5A47}"
EndProject
Global
	GlobalSection(SubversionScc) = preSolution
		Svn-Managed = True
		Manager = AnkhSVN - Subversion Support for Visual Studio
	EndGlobalSection
	GlobalSection(SolutionConfigurationPlatforms) = preSolution
		Debug|Win32 = Debug|Win32
		Release|Win32 = Release|Win32
	EndGlobalSection
	GlobalSection(ProjectConfigurationPlatforms) = postSolution
		{DDD3EEED-2DAF-46AC-81C0-B6F3E20E5A47}.Debug|Win32.ActiveCfg = Debug|Win32
		{DDD3EEED-2DAF-46AC-81C0-B6F3E20E5A47}.Debug|Win32.Build.0 = Debug|Win32
		{DDD3EEED-2DAF-46AC-81C0-B6F3E20E5A47}.Release|Win32.ActiveCfg = Release|Win32
		{DDD3EEED-2DAF-46AC-81C0-B6F3E20E5A47}.Release|Win32.Build.0 = Release|Win32
	EndGlobalSection
	GlobalSection(SolutionProperties) = preSolution
		HideSolutionNode = FALSE
	EndGlobalSection
EndGlobal
